
Microsoft Visual Studio Solution File, Format Version 12.00
# Visual Studio Version 16
VisualStudioVersion = 16.0.29728.190
MinimumVisualStudioVersion = 10.0.40219.1
Project("{FAE04EC0-301F-11D3-BF4B-00C04F79EFBC}") = "DevSecOps", "DevSecOps\DevSecOps.csproj", "{8D068D35-5225-4D44-8A3D-032D0A3F2584}"
EndProject
Global
	GlobalSection(SolutionConfigurationPlatforms) = preSolution
		Debug|Any CPU = Debug|Any CPU
		Release|Any CPU = Release|Any CPU
	EndGlobalSection
	GlobalSection(ProjectConfigurationPlatforms) = postSolution
		{8D068D35-5225-4D44-8A3D-032D0A3F2584}.Debug|Any CPU.ActiveCfg = Debug|Any CPU
		{8D068D35-5225-4D44-8A3D-032D0A3F2584}.Debug|Any CPU.Build.0 = Debug|Any CPU
		{8D068D35-5225-4D44-8A3D-032D0A3F2584}.Release|Any CPU.ActiveCfg = Release|Any CPU
		{8D068D35-5225-4D44-8A3D-032D0A3F2584}.Release|Any CPU.Build.0 = Release|Any CPU
	EndGlobalSection
	GlobalSection(SolutionProperties) = preSolution
		HideSolutionNode = FALSE
	EndGlobalSection
	GlobalSection(ExtensibilityGlobals) = postSolution
		SolutionGuid = {5C480C68-EAB4-4E4E-8557-187B64BF4CD0}
	EndGlobalSection
EndGlobal
